
Microsoft Visual Studio Solution File, Format Version 12.00
# Visual Studio Version 17
VisualStudioVersion = 17.6.33815.320
MinimumVisualStudioVersion = 10.0.40219.1
Project("{FAE04EC0-301F-11D3-BF4B-00C04F79EFBC}") = "Spacebattle", ".\Spacebattle\Spacebattle.csproj", "{0A6BA4D6-826A-4406-8E2C-29B621C41B42}"
EndProject
Project("{FAE04EC0-301F-11D3-BF4B-00C04F79EFBC}") = "SpacebattleTests", ".\SpacebattleTests\SpacebattleTests.csproj", "{003771A2-D1B7-4968-89C4-9DAE70EE7A9F}"
EndProject
Global
	GlobalSection(SolutionConfigurationPlatforms) = preSolution
		Debug|Any CPU = Debug|Any CPU
		Release|Any CPU = Release|Any CPU
	EndGlobalSection
	GlobalSection(ProjectConfigurationPlatforms) = postSolution
		{0A6BA4D6-826A-4406-8E2C-29B621C41B42}.Debug|Any CPU.ActiveCfg = Debug|Any CPU
		{0A6BA4D6-826A-4406-8E2C-29B621C41B42}.Debug|Any CPU.Build.0 = Debug|Any CPU
		{0A6BA4D6-826A-4406-8E2C-29B621C41B42}.Release|Any CPU.ActiveCfg = Release|Any CPU
		{0A6BA4D6-826A-4406-8E2C-29B621C41B42}.Release|Any CPU.Build.0 = Release|Any CPU
		{003771A2-D1B7-4968-89C4-9DAE70EE7A9F}.Debug|Any CPU.ActiveCfg = Debug|Any CPU
		{003771A2-D1B7-4968-89C4-9DAE70EE7A9F}.Debug|Any CPU.Build.0 = Debug|Any CPU
		{003771A2-D1B7-4968-89C4-9DAE70EE7A9F}.Release|Any CPU.ActiveCfg = Release|Any CPU
		{003771A2-D1B7-4968-89C4-9DAE70EE7A9F}.Release|Any CPU.Build.0 = Release|Any CPU
	EndGlobalSection
	GlobalSection(SolutionProperties) = preSolution
		HideSolutionNode = FALSE
	EndGlobalSection
	GlobalSection(ExtensibilityGlobals) = postSolution
		SolutionGuid = {3371BE09-49C3-4806-923F-F3E7E10705A9}
	EndGlobalSection
EndGlobal
