
Microsoft Visual Studio Solution File, Format Version 12.00
# Visual Studio Version 17
VisualStudioVersion = 17.6.33815.320
MinimumVisualStudioVersion = 10.0.40219.1
Project("{9A19103F-16F7-4668-BE54-9A1E7A4F7556}") = "Spacebattle", "Spacebattle\Spacebattle.csproj", "{A1EF25E1-5F45-43E7-AC8B-BEB53F00AA88}"
EndProject
Project("{9A19103F-16F7-4668-BE54-9A1E7A4F7556}") = "SpacebattleTests", "SpacebattleTests\SpacebattleTests.csproj", "{3EDE0DDD-E051-4352-A647-C4C70BB7C6CF}"
EndProject
Project("{9A19103F-16F7-4668-BE54-9A1E7A4F7556}") = "Commander", "Commander\Commander.csproj", "{23F0EA76-BAFA-475E-9395-279AE59CB8B9}"
EndProject
Project("{FAE04EC0-301F-11D3-BF4B-00C04F79EFBC}") = "CommanderTests", "CommanderTests\CommanderTests.csproj", "{19C4F6D0-F7D2-4D50-A589-84C816278741}"
EndProject
Global
	GlobalSection(SolutionConfigurationPlatforms) = preSolution
		Debug|Any CPU = Debug|Any CPU
		Release|Any CPU = Release|Any CPU
	EndGlobalSection
	GlobalSection(ProjectConfigurationPlatforms) = postSolution
		{A1EF25E1-5F45-43E7-AC8B-BEB53F00AA88}.Debug|Any CPU.ActiveCfg = Debug|Any CPU
		{A1EF25E1-5F45-43E7-AC8B-BEB53F00AA88}.Debug|Any CPU.Build.0 = Debug|Any CPU
		{A1EF25E1-5F45-43E7-AC8B-BEB53F00AA88}.Release|Any CPU.ActiveCfg = Release|Any CPU
		{A1EF25E1-5F45-43E7-AC8B-BEB53F00AA88}.Release|Any CPU.Build.0 = Release|Any CPU
		{3EDE0DDD-E051-4352-A647-C4C70BB7C6CF}.Debug|Any CPU.ActiveCfg = Debug|Any CPU
		{3EDE0DDD-E051-4352-A647-C4C70BB7C6CF}.Debug|Any CPU.Build.0 = Debug|Any CPU
		{3EDE0DDD-E051-4352-A647-C4C70BB7C6CF}.Release|Any CPU.ActiveCfg = Release|Any CPU
		{3EDE0DDD-E051-4352-A647-C4C70BB7C6CF}.Release|Any CPU.Build.0 = Release|Any CPU
		{23F0EA76-BAFA-475E-9395-279AE59CB8B9}.Debug|Any CPU.ActiveCfg = Debug|Any CPU
		{23F0EA76-BAFA-475E-9395-279AE59CB8B9}.Debug|Any CPU.Build.0 = Debug|Any CPU
		{23F0EA76-BAFA-475E-9395-279AE59CB8B9}.Release|Any CPU.ActiveCfg = Release|Any CPU
		{23F0EA76-BAFA-475E-9395-279AE59CB8B9}.Release|Any CPU.Build.0 = Release|Any CPU
		{19C4F6D0-F7D2-4D50-A589-84C816278741}.Debug|Any CPU.ActiveCfg = Debug|Any CPU
		{19C4F6D0-F7D2-4D50-A589-84C816278741}.Debug|Any CPU.Build.0 = Debug|Any CPU
		{19C4F6D0-F7D2-4D50-A589-84C816278741}.Release|Any CPU.ActiveCfg = Release|Any CPU
		{19C4F6D0-F7D2-4D50-A589-84C816278741}.Release|Any CPU.Build.0 = Release|Any CPU
	EndGlobalSection
	GlobalSection(SolutionProperties) = preSolution
		HideSolutionNode = FALSE
	EndGlobalSection
	GlobalSection(ExtensibilityGlobals) = postSolution
		SolutionGuid = {27EA0387-9B37-411B-B8F6-1DB0BD4491E9}
	EndGlobalSection
EndGlobal
